
Microsoft Visual Studio Solution File, Format Version 12.00
# Visual Studio Version 17
VisualStudioVersion = 17.3.32929.385
MinimumVisualStudioVersion = 10.0.40219.1
Project("{9A19103F-16F7-4668-BE54-9A1E7A4F7556}") = "RealEstate", "RealEstate\RealEstate.csproj", "{2F7D470A-AA0F-4895-9661-248F205489F9}"
EndProject
Project("{FAE04EC0-301F-11D3-BF4B-00C04F79EFBC}") = "RealEstate.Core", "RealEstate.Core\RealEstate.Core.csproj", "{AA6E9546-DD18-41C3-9BCE-9385919E426A}"
EndProject
Project("{FAE04EC0-301F-11D3-BF4B-00C04F79EFBC}") = "RealEstate.Infrastructure", "RealEstate.Infrastructure\RealEstate.Infrastructure.csproj", "{56B9E5FD-512F-44F3-87CC-4FB218099F9F}"
EndProject
Project("{FAE04EC0-301F-11D3-BF4B-00C04F79EFBC}") = "RealEstate.Service", "RealEstate.Service\RealEstate.Service.csproj", "{322F0F61-14E1-4C95-B2E5-5D32A50EF5F0}"
EndProject
Global
	GlobalSection(SolutionConfigurationPlatforms) = preSolution
		Debug|Any CPU = Debug|Any CPU
		Release|Any CPU = Release|Any CPU
	EndGlobalSection
	GlobalSection(ProjectConfigurationPlatforms) = postSolution
		{2F7D470A-AA0F-4895-9661-248F205489F9}.Debug|Any CPU.ActiveCfg = Debug|Any CPU
		{2F7D470A-AA0F-4895-9661-248F205489F9}.Debug|Any CPU.Build.0 = Debug|Any CPU
		{2F7D470A-AA0F-4895-9661-248F205489F9}.Release|Any CPU.ActiveCfg = Release|Any CPU
		{2F7D470A-AA0F-4895-9661-248F205489F9}.Release|Any CPU.Build.0 = Release|Any CPU
		{AA6E9546-DD18-41C3-9BCE-9385919E426A}.Debug|Any CPU.ActiveCfg = Debug|Any CPU
		{AA6E9546-DD18-41C3-9BCE-9385919E426A}.Debug|Any CPU.Build.0 = Debug|Any CPU
		{AA6E9546-DD18-41C3-9BCE-9385919E426A}.Release|Any CPU.ActiveCfg = Release|Any CPU
		{AA6E9546-DD18-41C3-9BCE-9385919E426A}.Release|Any CPU.Build.0 = Release|Any CPU
		{56B9E5FD-512F-44F3-87CC-4FB218099F9F}.Debug|Any CPU.ActiveCfg = Debug|Any CPU
		{56B9E5FD-512F-44F3-87CC-4FB218099F9F}.Debug|Any CPU.Build.0 = Debug|Any CPU
		{56B9E5FD-512F-44F3-87CC-4FB218099F9F}.Release|Any CPU.ActiveCfg = Release|Any CPU
		{56B9E5FD-512F-44F3-87CC-4FB218099F9F}.Release|Any CPU.Build.0 = Release|Any CPU
		{322F0F61-14E1-4C95-B2E5-5D32A50EF5F0}.Debug|Any CPU.ActiveCfg = Debug|Any CPU
		{322F0F61-14E1-4C95-B2E5-5D32A50EF5F0}.Debug|Any CPU.Build.0 = Debug|Any CPU
		{322F0F61-14E1-4C95-B2E5-5D32A50EF5F0}.Release|Any CPU.ActiveCfg = Release|Any CPU
		{322F0F61-14E1-4C95-B2E5-5D32A50EF5F0}.Release|Any CPU.Build.0 = Release|Any CPU
	EndGlobalSection
	GlobalSection(SolutionProperties) = preSolution
		HideSolutionNode = FALSE
	EndGlobalSection
	GlobalSection(ExtensibilityGlobals) = postSolution
		SolutionGuid = {A43CFE84-70DD-4D5F-B9E8-87C2168C6592}
	EndGlobalSection
EndGlobal
